// !$*UTF8*$!
{
	archiveVersion = 1;
	classes = {
	};
	objectVersion = 52;
	objects = {

/* Begin PBXBuildFile section */
		4813861AB828DEE5E12BDFD4 /* Pods_ExpenseTracker.framework in Frameworks */ = {isa = PBXBuildFile; fileRef = CDEA3ABFDDFE048B019ACD32 /* Pods_ExpenseTracker.framework */; };
		9203506725DD92280050563E /* HomeView.swift in Sources */ = {isa = PBXBuildFile; fileRef = 9203506625DD92280050563E /* HomeView.swift */; };
		9203506B25DD9F0E0050563E /* ExpenseItem.swift in Sources */ = {isa = PBXBuildFile; fileRef = 9203506A25DD9F0E0050563E /* ExpenseItem.swift */; };
		9203506D25DDA6A40050563E /* MainStatusView.swift in Sources */ = {isa = PBXBuildFile; fileRef = 9203506C25DDA6A40050563E /* MainStatusView.swift */; };
		9203506F25DDA7820050563E /* TabNavView.swift in Sources */ = {isa = PBXBuildFile; fileRef = 9203506E25DDA7820050563E /* TabNavView.swift */; };
		9203507125DDBCBF0050563E /* ProfileView.swift in Sources */ = {isa = PBXBuildFile; fileRef = 9203507025DDBCBF0050563E /* ProfileView.swift */; };
		9203507425DDBD0B0050563E /* ChartsView.swift in Sources */ = {isa = PBXBuildFile; fileRef = 9203507325DDBD0A0050563E /* ChartsView.swift */; };
		9203507625DDBD2A0050563E /* AddActivityView.swift in Sources */ = {isa = PBXBuildFile; fileRef = 9203507525DDBD2A0050563E /* AddActivityView.swift */; };
		9203507825DDBDE00050563E /* HistoryView.swift in Sources */ = {isa = PBXBuildFile; fileRef = 9203507725DDBDE00050563E /* HistoryView.swift */; };
		9203507C25DDD3CB0050563E /* SignInPanel.swift in Sources */ = {isa = PBXBuildFile; fileRef = 9203507B25DDD3CB0050563E /* SignInPanel.swift */; };
		922079CA25DF1DFF00ED7579 /* HistoryItem.swift in Sources */ = {isa = PBXBuildFile; fileRef = 922079C925DF1DFF00ED7579 /* HistoryItem.swift */; };
		922079CD25E0585400ED7579 /* SwiftUICharts in Frameworks */ = {isa = PBXBuildFile; productRef = 922079CC25E0585400ED7579 /* SwiftUICharts */; };
		922079CF25E0719700ED7579 /* SignUpPanel.swift in Sources */ = {isa = PBXBuildFile; fileRef = 922079CE25E0719700ED7579 /* SignUpPanel.swift */; };
		922570C825D98A6C00367D6C /* SignInView.swift in Sources */ = {isa = PBXBuildFile; fileRef = 922570C725D98A6C00367D6C /* SignInView.swift */; };
		924054B025E8A5C60025A9AC /* GoogleService-Info.plist in Resources */ = {isa = PBXBuildFile; fileRef = 924054AF25E8A5C60025A9AC /* GoogleService-Info.plist */; };
		924054B225E8AA010025A9AC /* AuthService.swift in Sources */ = {isa = PBXBuildFile; fileRef = 924054B125E8AA010025A9AC /* AuthService.swift */; };
		92DC9A3925D86C0200DB4246 /* AppDelegate.swift in Sources */ = {isa = PBXBuildFile; fileRef = 92DC9A3825D86C0200DB4246 /* AppDelegate.swift */; };
		92DC9A3B25D86C0200DB4246 /* SceneDelegate.swift in Sources */ = {isa = PBXBuildFile; fileRef = 92DC9A3A25D86C0200DB4246 /* SceneDelegate.swift */; };
		92DC9A3D25D86C0200DB4246 /* WelcomeView.swift in Sources */ = {isa = PBXBuildFile; fileRef = 92DC9A3C25D86C0200DB4246 /* WelcomeView.swift */; };
		92DC9A3F25D86C0500DB4246 /* Assets.xcassets in Resources */ = {isa = PBXBuildFile; fileRef = 92DC9A3E25D86C0500DB4246 /* Assets.xcassets */; };
		92DC9A4225D86C0500DB4246 /* Preview Assets.xcassets in Resources */ = {isa = PBXBuildFile; fileRef = 92DC9A4125D86C0500DB4246 /* Preview Assets.xcassets */; };
		92DC9A4525D86C0500DB4246 /* LaunchScreen.storyboard in Resources */ = {isa = PBXBuildFile; fileRef = 92DC9A4325D86C0500DB4246 /* LaunchScreen.storyboard */; };
		92F1692025E96464006C7E20 /* DataService.swift in Sources */ = {isa = PBXBuildFile; fileRef = 92F1691F25E96464006C7E20 /* DataService.swift */; };
		92F1693125E97E34006C7E20 /* User.swift in Sources */ = {isa = PBXBuildFile; fileRef = 92F1693025E97E34006C7E20 /* User.swift */; };
		92F1693325E97E49006C7E20 /* Transaction.swift in Sources */ = {isa = PBXBuildFile; fileRef = 92F1693225E97E49006C7E20 /* Transaction.swift */; };
		92F1693525E98E7E006C7E20 /* EmptyTransactionView.swift in Sources */ = {isa = PBXBuildFile; fileRef = 92F1693425E98E7E006C7E20 /* EmptyTransactionView.swift */; };
/* End PBXBuildFile section */

/* Begin PBXFileReference section */
		1E308C971527D956786E71AA /* Pods-ExpenseTracker.release.xcconfig */ = {isa = PBXFileReference; includeInIndex = 1; lastKnownFileType = text.xcconfig; name = "Pods-ExpenseTracker.release.xcconfig"; path = "Target Support Files/Pods-ExpenseTracker/Pods-ExpenseTracker.release.xcconfig"; sourceTree = "<group>"; };
		249CA204352EE34DE0BCB486 /* Pods-ExpenseTracker.debug.xcconfig */ = {isa = PBXFileReference; includeInIndex = 1; lastKnownFileType = text.xcconfig; name = "Pods-ExpenseTracker.debug.xcconfig"; path = "Target Support Files/Pods-ExpenseTracker/Pods-ExpenseTracker.debug.xcconfig"; sourceTree = "<group>"; };
		9203506625DD92280050563E /* HomeView.swift */ = {isa = PBXFileReference; lastKnownFileType = sourcecode.swift; path = HomeView.swift; sourceTree = "<group>"; };
		9203506A25DD9F0E0050563E /* ExpenseItem.swift */ = {isa = PBXFileReference; lastKnownFileType = sourcecode.swift; path = ExpenseItem.swift; sourceTree = "<group>"; };
		9203506C25DDA6A40050563E /* MainStatusView.swift */ = {isa = PBXFileReference; lastKnownFileType = sourcecode.swift; path = MainStatusView.swift; sourceTree = "<group>"; };
		9203506E25DDA7820050563E /* TabNavView.swift */ = {isa = PBXFileReference; lastKnownFileType = sourcecode.swift; path = TabNavView.swift; sourceTree = "<group>"; };
		9203507025DDBCBF0050563E /* ProfileView.swift */ = {isa = PBXFileReference; lastKnownFileType = sourcecode.swift; path = ProfileView.swift; sourceTree = "<group>"; };
		9203507325DDBD0A0050563E /* ChartsView.swift */ = {isa = PBXFileReference; lastKnownFileType = sourcecode.swift; path = ChartsView.swift; sourceTree = "<group>"; };
		9203507525DDBD2A0050563E /* AddActivityView.swift */ = {isa = PBXFileReference; lastKnownFileType = sourcecode.swift; path = AddActivityView.swift; sourceTree = "<group>"; };
		9203507725DDBDE00050563E /* HistoryView.swift */ = {isa = PBXFileReference; lastKnownFileType = sourcecode.swift; path = HistoryView.swift; sourceTree = "<group>"; };
		9203507B25DDD3CB0050563E /* SignInPanel.swift */ = {isa = PBXFileReference; lastKnownFileType = sourcecode.swift; path = SignInPanel.swift; sourceTree = "<group>"; };
		922079C925DF1DFF00ED7579 /* HistoryItem.swift */ = {isa = PBXFileReference; lastKnownFileType = sourcecode.swift; path = HistoryItem.swift; sourceTree = "<group>"; };
		922079CE25E0719700ED7579 /* SignUpPanel.swift */ = {isa = PBXFileReference; lastKnownFileType = sourcecode.swift; path = SignUpPanel.swift; sourceTree = "<group>"; };
		922570C725D98A6C00367D6C /* SignInView.swift */ = {isa = PBXFileReference; lastKnownFileType = sourcecode.swift; path = SignInView.swift; sourceTree = "<group>"; };
		924054AF25E8A5C60025A9AC /* GoogleService-Info.plist */ = {isa = PBXFileReference; fileEncoding = 4; lastKnownFileType = text.plist.xml; path = "GoogleService-Info.plist"; sourceTree = "<group>"; };
		924054B125E8AA010025A9AC /* AuthService.swift */ = {isa = PBXFileReference; lastKnownFileType = sourcecode.swift; path = AuthService.swift; sourceTree = "<group>"; };
		92DC9A3525D86C0200DB4246 /* ExpenseTracker.app */ = {isa = PBXFileReference; explicitFileType = wrapper.application; includeInIndex = 0; path = ExpenseTracker.app; sourceTree = BUILT_PRODUCTS_DIR; };
		92DC9A3825D86C0200DB4246 /* AppDelegate.swift */ = {isa = PBXFileReference; lastKnownFileType = sourcecode.swift; path = AppDelegate.swift; sourceTree = "<group>"; };
		92DC9A3A25D86C0200DB4246 /* SceneDelegate.swift */ = {isa = PBXFileReference; lastKnownFileType = sourcecode.swift; path = SceneDelegate.swift; sourceTree = "<group>"; };
		92DC9A3C25D86C0200DB4246 /* WelcomeView.swift */ = {isa = PBXFileReference; lastKnownFileType = sourcecode.swift; path = WelcomeView.swift; sourceTree = "<group>"; };
		92DC9A3E25D86C0500DB4246 /* Assets.xcassets */ = {isa = PBXFileReference; lastKnownFileType = folder.assetcatalog; path = Assets.xcassets; sourceTree = "<group>"; };
		92DC9A4125D86C0500DB4246 /* Preview Assets.xcassets */ = {isa = PBXFileReference; lastKnownFileType = folder.assetcatalog; path = "Preview Assets.xcassets"; sourceTree = "<group>"; };
		92DC9A4425D86C0500DB4246 /* Base */ = {isa = PBXFileReference; lastKnownFileType = file.storyboard; name = Base; path = Base.lproj/LaunchScreen.storyboard; sourceTree = "<group>"; };
		92DC9A4625D86C0500DB4246 /* Info.plist */ = {isa = PBXFileReference; lastKnownFileType = text.plist.xml; path = Info.plist; sourceTree = "<group>"; };
		92F1691F25E96464006C7E20 /* DataService.swift */ = {isa = PBXFileReference; lastKnownFileType = sourcecode.swift; path = DataService.swift; sourceTree = "<group>"; };
		92F1693025E97E34006C7E20 /* User.swift */ = {isa = PBXFileReference; lastKnownFileType = sourcecode.swift; path = User.swift; sourceTree = "<group>"; };
		92F1693225E97E49006C7E20 /* Transaction.swift */ = {isa = PBXFileReference; lastKnownFileType = sourcecode.swift; path = Transaction.swift; sourceTree = "<group>"; };
		92F1693425E98E7E006C7E20 /* EmptyTransactionView.swift */ = {isa = PBXFileReference; lastKnownFileType = sourcecode.swift; path = EmptyTransactionView.swift; sourceTree = "<group>"; };
		CDEA3ABFDDFE048B019ACD32 /* Pods_ExpenseTracker.framework */ = {isa = PBXFileReference; explicitFileType = wrapper.framework; includeInIndex = 0; path = Pods_ExpenseTracker.framework; sourceTree = BUILT_PRODUCTS_DIR; };
/* End PBXFileReference section */

/* Begin PBXFrameworksBuildPhase section */
		92DC9A3225D86C0200DB4246 /* Frameworks */ = {
			isa = PBXFrameworksBuildPhase;
			buildActionMask = 2147483647;
			files = (
				922079CD25E0585400ED7579 /* SwiftUICharts in Frameworks */,
				4813861AB828DEE5E12BDFD4 /* Pods_ExpenseTracker.framework in Frameworks */,
			);
			runOnlyForDeploymentPostprocessing = 0;
		};
/* End PBXFrameworksBuildPhase section */

/* Begin PBXGroup section */
		269F2F6C3B6A4EEAFBA41763 /* Frameworks */ = {
			isa = PBXGroup;
			children = (
				CDEA3ABFDDFE048B019ACD32 /* Pods_ExpenseTracker.framework */,
			);
			name = Frameworks;
			sourceTree = "<group>";
		};
		9203507225DDBCDD0050563E /* ComponentViews */ = {
			isa = PBXGroup;
			children = (
				9203506C25DDA6A40050563E /* MainStatusView.swift */,
				9203506A25DD9F0E0050563E /* ExpenseItem.swift */,
				9203507B25DDD3CB0050563E /* SignInPanel.swift */,
				922079C925DF1DFF00ED7579 /* HistoryItem.swift */,
				922079CE25E0719700ED7579 /* SignUpPanel.swift */,
				92F1693425E98E7E006C7E20 /* EmptyTransactionView.swift */,
			);
			path = ComponentViews;
			sourceTree = "<group>";
		};
		92DC9A2C25D86C0200DB4246 = {
			isa = PBXGroup;
			children = (
				92DC9A3725D86C0200DB4246 /* ExpenseTracker */,
				92DC9A3625D86C0200DB4246 /* Products */,
				9DEAB784BFCDB36B6C0072A7 /* Pods */,
				269F2F6C3B6A4EEAFBA41763 /* Frameworks */,
			);
			sourceTree = "<group>";
		};
		92DC9A3625D86C0200DB4246 /* Products */ = {
			isa = PBXGroup;
			children = (
				92DC9A3525D86C0200DB4246 /* ExpenseTracker.app */,
			);
			name = Products;
			sourceTree = "<group>";
		};
		92DC9A3725D86C0200DB4246 /* ExpenseTracker */ = {
			isa = PBXGroup;
			children = (
				92F1692125E96D3F006C7E20 /* Models */,
				9203507225DDBCDD0050563E /* ComponentViews */,
				92DC9A4D25D86FD700DB4246 /* Services */,
				92DC9A4C25D86FCD00DB4246 /* Views */,
				92DC9A3825D86C0200DB4246 /* AppDelegate.swift */,
				92DC9A3A25D86C0200DB4246 /* SceneDelegate.swift */,
				92DC9A3E25D86C0500DB4246 /* Assets.xcassets */,
				92DC9A4325D86C0500DB4246 /* LaunchScreen.storyboard */,
				92DC9A4625D86C0500DB4246 /* Info.plist */,
				924054AF25E8A5C60025A9AC /* GoogleService-Info.plist */,
				92DC9A4025D86C0500DB4246 /* Preview Content */,
			);
			path = ExpenseTracker;
			sourceTree = "<group>";
		};
		92DC9A4025D86C0500DB4246 /* Preview Content */ = {
			isa = PBXGroup;
			children = (
				92DC9A4125D86C0500DB4246 /* Preview Assets.xcassets */,
			);
			path = "Preview Content";
			sourceTree = "<group>";
		};
		92DC9A4C25D86FCD00DB4246 /* Views */ = {
			isa = PBXGroup;
			children = (
				92DC9A3C25D86C0200DB4246 /* WelcomeView.swift */,
				922570C725D98A6C00367D6C /* SignInView.swift */,
				9203506625DD92280050563E /* HomeView.swift */,
				9203506E25DDA7820050563E /* TabNavView.swift */,
				9203507025DDBCBF0050563E /* ProfileView.swift */,
				9203507325DDBD0A0050563E /* ChartsView.swift */,
				9203507525DDBD2A0050563E /* AddActivityView.swift */,
				9203507725DDBDE00050563E /* HistoryView.swift */,
			);
			path = Views;
			sourceTree = "<group>";
		};
		92DC9A4D25D86FD700DB4246 /* Services */ = {
			isa = PBXGroup;
			children = (
				924054B125E8AA010025A9AC /* AuthService.swift */,
				92F1691F25E96464006C7E20 /* DataService.swift */,
			);
			path = Services;
			sourceTree = "<group>";
		};
		92F1692125E96D3F006C7E20 /* Models */ = {
			isa = PBXGroup;
			children = (
				92F1693025E97E34006C7E20 /* User.swift */,
				92F1693225E97E49006C7E20 /* Transaction.swift */,
			);
			path = Models;
			sourceTree = "<group>";
		};
		9DEAB784BFCDB36B6C0072A7 /* Pods */ = {
			isa = PBXGroup;
			children = (
				249CA204352EE34DE0BCB486 /* Pods-ExpenseTracker.debug.xcconfig */,
				1E308C971527D956786E71AA /* Pods-ExpenseTracker.release.xcconfig */,
			);
			path = Pods;
			sourceTree = "<group>";
		};
/* End PBXGroup section */

/* Begin PBXNativeTarget section */
		92DC9A3425D86C0200DB4246 /* ExpenseTracker */ = {
			isa = PBXNativeTarget;
			buildConfigurationList = 92DC9A4925D86C0500DB4246 /* Build configuration list for PBXNativeTarget "ExpenseTracker" */;
			buildPhases = (
				D4313FADD86C5952A3592910 /* [CP] Check Pods Manifest.lock */,
				92DC9A3125D86C0200DB4246 /* Sources */,
				92DC9A3225D86C0200DB4246 /* Frameworks */,
				92DC9A3325D86C0200DB4246 /* Resources */,
				2F4561AECD2B8141C9370EE1 /* [CP] Embed Pods Frameworks */,
			);
			buildRules = (
			);
			dependencies = (
			);
			name = ExpenseTracker;
			packageProductDependencies = (
				922079CC25E0585400ED7579 /* SwiftUICharts */,
			);
			productName = ExpenseTracker;
			productReference = 92DC9A3525D86C0200DB4246 /* ExpenseTracker.app */;
			productType = "com.apple.product-type.application";
		};
/* End PBXNativeTarget section */

/* Begin PBXProject section */
		92DC9A2D25D86C0200DB4246 /* Project object */ = {
			isa = PBXProject;
			attributes = {
				LastSwiftUpdateCheck = 1170;
				LastUpgradeCheck = 1170;
				ORGANIZATIONNAME = "Jerry Lai";
				TargetAttributes = {
					92DC9A3425D86C0200DB4246 = {
						CreatedOnToolsVersion = 11.7;
					};
				};
			};
			buildConfigurationList = 92DC9A3025D86C0200DB4246 /* Build configuration list for PBXProject "ExpenseTracker" */;
			compatibilityVersion = "Xcode 9.3";
			developmentRegion = en;
			hasScannedForEncodings = 0;
			knownRegions = (
				en,
				Base,
			);
			mainGroup = 92DC9A2C25D86C0200DB4246;
			packageReferences = (
				922079CB25E0585400ED7579 /* XCRemoteSwiftPackageReference "ChartView" */,
			);
			productRefGroup = 92DC9A3625D86C0200DB4246 /* Products */;
			projectDirPath = "";
			projectRoot = "";
			targets = (
				92DC9A3425D86C0200DB4246 /* ExpenseTracker */,
			);
		};
/* End PBXProject section */

/* Begin PBXResourcesBuildPhase section */
		92DC9A3325D86C0200DB4246 /* Resources */ = {
			isa = PBXResourcesBuildPhase;
			buildActionMask = 2147483647;
			files = (
				92DC9A4525D86C0500DB4246 /* LaunchScreen.storyboard in Resources */,
				92DC9A4225D86C0500DB4246 /* Preview Assets.xcassets in Resources */,
				92DC9A3F25D86C0500DB4246 /* Assets.xcassets in Resources */,
				924054B025E8A5C60025A9AC /* GoogleService-Info.plist in Resources */,
			);
			runOnlyForDeploymentPostprocessing = 0;
		};
/* End PBXResourcesBuildPhase section */

/* Begin PBXShellScriptBuildPhase section */
		2F4561AECD2B8141C9370EE1 /* [CP] Embed Pods Frameworks */ = {
			isa = PBXShellScriptBuildPhase;
			buildActionMask = 2147483647;
			files = (
			);
			inputFileListPaths = (
				"${PODS_ROOT}/Target Support Files/Pods-ExpenseTracker/Pods-ExpenseTracker-frameworks-${CONFIGURATION}-input-files.xcfilelist",
			);
			name = "[CP] Embed Pods Frameworks";
			outputFileListPaths = (
				"${PODS_ROOT}/Target Support Files/Pods-ExpenseTracker/Pods-ExpenseTracker-frameworks-${CONFIGURATION}-output-files.xcfilelist",
			);
			runOnlyForDeploymentPostprocessing = 0;
			shellPath = /bin/sh;
			shellScript = "\"${PODS_ROOT}/Target Support Files/Pods-ExpenseTracker/Pods-ExpenseTracker-frameworks.sh\"\n";
			showEnvVarsInLog = 0;
		};
		D4313FADD86C5952A3592910 /* [CP] Check Pods Manifest.lock */ = {
			isa = PBXShellScriptBuildPhase;
			buildActionMask = 2147483647;
			files = (
			);
			inputFileListPaths = (
			);
			inputPaths = (
				"${PODS_PODFILE_DIR_PATH}/Podfile.lock",
				"${PODS_ROOT}/Manifest.lock",
			);
			name = "[CP] Check Pods Manifest.lock";
			outputFileListPaths = (
			);
			outputPaths = (
				"$(DERIVED_FILE_DIR)/Pods-ExpenseTracker-checkManifestLockResult.txt",
			);
			runOnlyForDeploymentPostprocessing = 0;
			shellPath = /bin/sh;
			shellScript = "diff \"${PODS_PODFILE_DIR_PATH}/Podfile.lock\" \"${PODS_ROOT}/Manifest.lock\" > /dev/null\nif [ $? != 0 ] ; then\n    # print error to STDERR\n    echo \"error: The sandbox is not in sync with the Podfile.lock. Run 'pod install' or update your CocoaPods installation.\" >&2\n    exit 1\nfi\n# This output is used by Xcode 'outputs' to avoid re-running this script phase.\necho \"SUCCESS\" > \"${SCRIPT_OUTPUT_FILE_0}\"\n";
			showEnvVarsInLog = 0;
		};
/* End PBXShellScriptBuildPhase section */

/* Begin PBXSourcesBuildPhase section */
		92DC9A3125D86C0200DB4246 /* Sources */ = {
			isa = PBXSourcesBuildPhase;
			buildActionMask = 2147483647;
			files = (
				9203506D25DDA6A40050563E /* MainStatusView.swift in Sources */,
				9203507825DDBDE00050563E /* HistoryView.swift in Sources */,
				922079CF25E0719700ED7579 /* SignUpPanel.swift in Sources */,
				9203507125DDBCBF0050563E /* ProfileView.swift in Sources */,
				92DC9A3925D86C0200DB4246 /* AppDelegate.swift in Sources */,
				92F1693525E98E7E006C7E20 /* EmptyTransactionView.swift in Sources */,
				9203506F25DDA7820050563E /* TabNavView.swift in Sources */,
				9203506B25DD9F0E0050563E /* ExpenseItem.swift in Sources */,
				92DC9A3B25D86C0200DB4246 /* SceneDelegate.swift in Sources */,
				922570C825D98A6C00367D6C /* SignInView.swift in Sources */,
				922079CA25DF1DFF00ED7579 /* HistoryItem.swift in Sources */,
				9203507C25DDD3CB0050563E /* SignInPanel.swift in Sources */,
				92F1693325E97E49006C7E20 /* Transaction.swift in Sources */,
				9203507425DDBD0B0050563E /* ChartsView.swift in Sources */,
				9203506725DD92280050563E /* HomeView.swift in Sources */,
				92DC9A3D25D86C0200DB4246 /* WelcomeView.swift in Sources */,
				92F1693125E97E34006C7E20 /* User.swift in Sources */,
				9203507625DDBD2A0050563E /* AddActivityView.swift in Sources */,
				924054B225E8AA010025A9AC /* AuthService.swift in Sources */,
				92F1692025E96464006C7E20 /* DataService.swift in Sources */,
			);
			runOnlyForDeploymentPostprocessing = 0;
		};
/* End PBXSourcesBuildPhase section */

/* Begin PBXVariantGroup section */
		92DC9A4325D86C0500DB4246 /* LaunchScreen.storyboard */ = {
			isa = PBXVariantGroup;
			children = (
				92DC9A4425D86C0500DB4246 /* Base */,
			);
			name = LaunchScreen.storyboard;
			sourceTree = "<group>";
		};
/* End PBXVariantGroup section */

/* Begin XCBuildConfiguration section */
		92DC9A4725D86C0500DB4246 /* Debug */ = {
			isa = XCBuildConfiguration;
			buildSettings = {
				ALWAYS_SEARCH_USER_PATHS = NO;
				CLANG_ANALYZER_NONNULL = YES;
				CLANG_ANALYZER_NUMBER_OBJECT_CONVERSION = YES_AGGRESSIVE;
				CLANG_CXX_LANGUAGE_STANDARD = "gnu++14";
				CLANG_CXX_LIBRARY = "libc++";
				CLANG_ENABLE_MODULES = YES;
				CLANG_ENABLE_OBJC_ARC = YES;
				CLANG_ENABLE_OBJC_WEAK = YES;
				CLANG_WARN_BLOCK_CAPTURE_AUTORELEASING = YES;
				CLANG_WARN_BOOL_CONVERSION = YES;
				CLANG_WARN_COMMA = YES;
				CLANG_WARN_CONSTANT_CONVERSION = YES;
				CLANG_WARN_DEPRECATED_OBJC_IMPLEMENTATIONS = YES;
				CLANG_WARN_DIRECT_OBJC_ISA_USAGE = YES_ERROR;
				CLANG_WARN_DOCUMENTATION_COMMENTS = YES;
				CLANG_WARN_EMPTY_BODY = YES;
				CLANG_WARN_ENUM_CONVERSION = YES;
				CLANG_WARN_INFINITE_RECURSION = YES;
				CLANG_WARN_INT_CONVERSION = YES;
				CLANG_WARN_NON_LITERAL_NULL_CONVERSION = YES;
				CLANG_WARN_OBJC_IMPLICIT_RETAIN_SELF = YES;
				CLANG_WARN_OBJC_LITERAL_CONVERSION = YES;
				CLANG_WARN_OBJC_ROOT_CLASS = YES_ERROR;
				CLANG_WARN_RANGE_LOOP_ANALYSIS = YES;
				CLANG_WARN_STRICT_PROTOTYPES = YES;
				CLANG_WARN_SUSPICIOUS_MOVE = YES;
				CLANG_WARN_UNGUARDED_AVAILABILITY = YES_AGGRESSIVE;
				CLANG_WARN_UNREACHABLE_CODE = YES;
				CLANG_WARN__DUPLICATE_METHOD_MATCH = YES;
				COPY_PHASE_STRIP = NO;
				DEBUG_INFORMATION_FORMAT = dwarf;
				ENABLE_STRICT_OBJC_MSGSEND = YES;
				ENABLE_TESTABILITY = YES;
				GCC_C_LANGUAGE_STANDARD = gnu11;
				GCC_DYNAMIC_NO_PIC = NO;
				GCC_NO_COMMON_BLOCKS = YES;
				GCC_OPTIMIZATION_LEVEL = 0;
				GCC_PREPROCESSOR_DEFINITIONS = (
					"DEBUG=1",
					"$(inherited)",
				);
				GCC_WARN_64_TO_32_BIT_CONVERSION = YES;
				GCC_WARN_ABOUT_RETURN_TYPE = YES_ERROR;
				GCC_WARN_UNDECLARED_SELECTOR = YES;
				GCC_WARN_UNINITIALIZED_AUTOS = YES_AGGRESSIVE;
				GCC_WARN_UNUSED_FUNCTION = YES;
				GCC_WARN_UNUSED_VARIABLE = YES;
				IPHONEOS_DEPLOYMENT_TARGET = 13.7;
				MTL_ENABLE_DEBUG_INFO = INCLUDE_SOURCE;
				MTL_FAST_MATH = YES;
				ONLY_ACTIVE_ARCH = YES;
				SDKROOT = iphoneos;
				SWIFT_ACTIVE_COMPILATION_CONDITIONS = DEBUG;
				SWIFT_OPTIMIZATION_LEVEL = "-Onone";
			};
			name = Debug;
		};
		92DC9A4825D86C0500DB4246 /* Release */ = {
			isa = XCBuildConfiguration;
			buildSettings = {
				ALWAYS_SEARCH_USER_PATHS = NO;
				CLANG_ANALYZER_NONNULL = YES;
				CLANG_ANALYZER_NUMBER_OBJECT_CONVERSION = YES_AGGRESSIVE;
				CLANG_CXX_LANGUAGE_STANDARD = "gnu++14";
				CLANG_CXX_LIBRARY = "libc++";
				CLANG_ENABLE_MODULES = YES;
				CLANG_ENABLE_OBJC_ARC = YES;
				CLANG_ENABLE_OBJC_WEAK = YES;
				CLANG_WARN_BLOCK_CAPTURE_AUTORELEASING = YES;
				CLANG_WARN_BOOL_CONVERSION = YES;
				CLANG_WARN_COMMA = YES;
				CLANG_WARN_CONSTANT_CONVERSION = YES;
				CLANG_WARN_DEPRECATED_OBJC_IMPLEMENTATIONS = YES;
				CLANG_WARN_DIRECT_OBJC_ISA_USAGE = YES_ERROR;
				CLANG_WARN_DOCUMENTATION_COMMENTS = YES;
				CLANG_WARN_EMPTY_BODY = YES;
				CLANG_WARN_ENUM_CONVERSION = YES;
				CLANG_WARN_INFINITE_RECURSION = YES;
				CLANG_WARN_INT_CONVERSION = YES;
				CLANG_WARN_NON_LITERAL_NULL_CONVERSION = YES;
				CLANG_WARN_OBJC_IMPLICIT_RETAIN_SELF = YES;
				CLANG_WARN_OBJC_LITERAL_CONVERSION = YES;
				CLANG_WARN_OBJC_ROOT_CLASS = YES_ERROR;
				CLANG_WARN_RANGE_LOOP_ANALYSIS = YES;
				CLANG_WARN_STRICT_PROTOTYPES = YES;
				CLANG_WARN_SUSPICIOUS_MOVE = YES;
				CLANG_WARN_UNGUARDED_AVAILABILITY = YES_AGGRESSIVE;
				CLANG_WARN_UNREACHABLE_CODE = YES;
				CLANG_WARN__DUPLICATE_METHOD_MATCH = YES;
				COPY_PHASE_STRIP = NO;
				DEBUG_INFORMATION_FORMAT = "dwarf-with-dsym";
				ENABLE_NS_ASSERTIONS = NO;
				ENABLE_STRICT_OBJC_MSGSEND = YES;
				GCC_C_LANGUAGE_STANDARD = gnu11;
				GCC_NO_COMMON_BLOCKS = YES;
				GCC_WARN_64_TO_32_BIT_CONVERSION = YES;
				GCC_WARN_ABOUT_RETURN_TYPE = YES_ERROR;
				GCC_WARN_UNDECLARED_SELECTOR = YES;
				GCC_WARN_UNINITIALIZED_AUTOS = YES_AGGRESSIVE;
				GCC_WARN_UNUSED_FUNCTION = YES;
				GCC_WARN_UNUSED_VARIABLE = YES;
				IPHONEOS_DEPLOYMENT_TARGET = 13.7;
				MTL_ENABLE_DEBUG_INFO = NO;
				MTL_FAST_MATH = YES;
				SDKROOT = iphoneos;
				SWIFT_COMPILATION_MODE = wholemodule;
				SWIFT_OPTIMIZATION_LEVEL = "-O";
				VALIDATE_PRODUCT = YES;
			};
			name = Release;
		};
		92DC9A4A25D86C0500DB4246 /* Debug */ = {
			isa = XCBuildConfiguration;
			baseConfigurationReference = 249CA204352EE34DE0BCB486 /* Pods-ExpenseTracker.debug.xcconfig */;
			buildSettings = {
				ASSETCATALOG_COMPILER_APPICON_NAME = AppIcon;
				CODE_SIGN_STYLE = Automatic;
				CURRENT_PROJECT_VERSION = 1.1.14;
				DEVELOPMENT_ASSET_PATHS = "\"ExpenseTracker/Preview Content\"";
				DEVELOPMENT_TEAM = 8L83CZ8839;
				ENABLE_PREVIEWS = YES;
				INFOPLIST_FILE = ExpenseTracker/Info.plist;
				LD_RUNPATH_SEARCH_PATHS = (
					"$(inherited)",
					"@executable_path/Frameworks",
				);
				PRODUCT_BUNDLE_IDENTIFIER = "jerry-lai.ExpenseTracker";
				PRODUCT_NAME = "$(TARGET_NAME)";
				SWIFT_VERSION = 5.0;
				TARGETED_DEVICE_FAMILY = 1;
			};
			name = Debug;
		};
		92DC9A4B25D86C0500DB4246 /* Release */ = {
			isa = XCBuildConfiguration;
			baseConfigurationReference = 1E308C971527D956786E71AA /* Pods-ExpenseTracker.release.xcconfig */;
			buildSettings = {
				ASSETCATALOG_COMPILER_APPICON_NAME = AppIcon;
				CODE_SIGN_STYLE = Automatic;
				CURRENT_PROJECT_VERSION = 1.1.14;
				DEVELOPMENT_ASSET_PATHS = "\"ExpenseTracker/Preview Content\"";
				DEVELOPMENT_TEAM = 8L83CZ8839;
				ENABLE_PREVIEWS = YES;
				INFOPLIST_FILE = ExpenseTracker/Info.plist;
				LD_RUNPATH_SEARCH_PATHS = (
					"$(inherited)",
					"@executable_path/Frameworks",
				);
				PRODUCT_BUNDLE_IDENTIFIER = "jerry-lai.ExpenseTracker";
				PRODUCT_NAME = "$(TARGET_NAME)";
				SWIFT_VERSION = 5.0;
				TARGETED_DEVICE_FAMILY = 1;
			};
			name = Release;
		};
/* End XCBuildConfiguration section */

/* Begin XCConfigurationList section */
		92DC9A3025D86C0200DB4246 /* Build configuration list for PBXProject "ExpenseTracker" */ = {
			isa = XCConfigurationList;
			buildConfigurations = (
				92DC9A4725D86C0500DB4246 /* Debug */,
				92DC9A4825D86C0500DB4246 /* Release */,
			);
			defaultConfigurationIsVisible = 0;
			defaultConfigurationName = Release;
		};
		92DC9A4925D86C0500DB4246 /* Build configuration list for PBXNativeTarget "ExpenseTracker" */ = {
			isa = XCConfigurationList;
			buildConfigurations = (
				92DC9A4A25D86C0500DB4246 /* Debug */,
				92DC9A4B25D86C0500DB4246 /* Release */,
			);
			defaultConfigurationIsVisible = 0;
			defaultConfigurationName = Release;
		};
/* End XCConfigurationList section */

/* Begin XCRemoteSwiftPackageReference section */
		922079CB25E0585400ED7579 /* XCRemoteSwiftPackageReference "ChartView" */ = {
			isa = XCRemoteSwiftPackageReference;
			repositoryURL = "https://github.com/AppPear/ChartView";
			requirement = {
				kind = upToNextMajorVersion;
				minimumVersion = 1.5.4;
			};
		};
/* End XCRemoteSwiftPackageReference section */

/* Begin XCSwiftPackageProductDependency section */
		922079CC25E0585400ED7579 /* SwiftUICharts */ = {
			isa = XCSwiftPackageProductDependency;
			package = 922079CB25E0585400ED7579 /* XCRemoteSwiftPackageReference "ChartView" */;
			productName = SwiftUICharts;
		};
/* End XCSwiftPackageProductDependency section */
	};
	rootObject = 92DC9A2D25D86C0200DB4246 /* Project object */;
}
